// !$*UTF8*$!
{
	archiveVersion = 1;
	classes = {
	};
	objectVersion = 56;
	objects = {

/* Begin PBXBuildFile section */
		E2C5AC032AD5C01000F7397E /* MovieResumeApp.swift in Sources */ = {isa = PBXBuildFile; fileRef = E2C5AC022AD5C01000F7397E /* MovieResumeApp.swift */; };
		E2C5AC052AD5C01000F7397E /* ContentView.swift in Sources */ = {isa = PBXBuildFile; fileRef = E2C5AC042AD5C01000F7397E /* ContentView.swift */; };
		E2C5AC072AD5C01600F7397E /* Assets.xcassets in Resources */ = {isa = PBXBuildFile; fileRef = E2C5AC062AD5C01600F7397E /* Assets.xcassets */; };
		E2C5AC0A2AD5C01600F7397E /* Preview Assets.xcassets in Resources */ = {isa = PBXBuildFile; fileRef = E2C5AC092AD5C01600F7397E /* Preview Assets.xcassets */; };
		E2C5AC142AD5C01700F7397E /* MovieResumeTests.swift in Sources */ = {isa = PBXBuildFile; fileRef = E2C5AC132AD5C01700F7397E /* MovieResumeTests.swift */; };
		E2C5AC1E2AD5C01700F7397E /* MovieResumeUITests.swift in Sources */ = {isa = PBXBuildFile; fileRef = E2C5AC1D2AD5C01700F7397E /* MovieResumeUITests.swift */; };
		E2C5AC202AD5C01700F7397E /* MovieResumeUITestsLaunchTests.swift in Sources */ = {isa = PBXBuildFile; fileRef = E2C5AC1F2AD5C01700F7397E /* MovieResumeUITestsLaunchTests.swift */; };
		E2C5AC362AD5C33300F7397E /* TMBDRepository.swift in Sources */ = {isa = PBXBuildFile; fileRef = E2C5AC352AD5C33300F7397E /* TMBDRepository.swift */; };
		E2C5AC382AD5C36400F7397E /* TMBDAPIProtocol.swift in Sources */ = {isa = PBXBuildFile; fileRef = E2C5AC372AD5C36400F7397E /* TMBDAPIProtocol.swift */; };
		E2C5AC3A2AD5C39500F7397E /* NetworkAPIService.swift in Sources */ = {isa = PBXBuildFile; fileRef = E2C5AC392AD5C39500F7397E /* NetworkAPIService.swift */; };
		E2C5AC3D2AD5C42800F7397E /* Alamofire in Frameworks */ = {isa = PBXBuildFile; productRef = E2C5AC3C2AD5C42700F7397E /* Alamofire */; };
		E2C5AC3F2AD5C64400F7397E /* MovieModel.swift in Sources */ = {isa = PBXBuildFile; fileRef = E2C5AC3E2AD5C64400F7397E /* MovieModel.swift */; };
		E2C5AC422AD5C6BD00F7397E /* SDWebImageSwiftUI in Frameworks */ = {isa = PBXBuildFile; productRef = E2C5AC412AD5C6BD00F7397E /* SDWebImageSwiftUI */; };
		E2C5AC442AD5DFB500F7397E /* MovieViewModel.swift in Sources */ = {isa = PBXBuildFile; fileRef = E2C5AC432AD5DFB500F7397E /* MovieViewModel.swift */; };
		E2C5AC472AD5E05C00F7397E /* MovieUseCase.swift in Sources */ = {isa = PBXBuildFile; fileRef = E2C5AC462AD5E05C00F7397E /* MovieUseCase.swift */; };
		E2C5AC492AD5EBC100F7397E /* PaginatedQuery.swift in Sources */ = {isa = PBXBuildFile; fileRef = E2C5AC482AD5EBC100F7397E /* PaginatedQuery.swift */; };
/* End PBXBuildFile section */

/* Begin PBXContainerItemProxy section */
		E2C5AC102AD5C01700F7397E /* PBXContainerItemProxy */ = {
			isa = PBXContainerItemProxy;
			containerPortal = E2C5ABF72AD5C01000F7397E /* Project object */;
			proxyType = 1;
			remoteGlobalIDString = E2C5ABFE2AD5C01000F7397E;
			remoteInfo = MovieResume;
		};
		E2C5AC1A2AD5C01700F7397E /* PBXContainerItemProxy */ = {
			isa = PBXContainerItemProxy;
			containerPortal = E2C5ABF72AD5C01000F7397E /* Project object */;
			proxyType = 1;
			remoteGlobalIDString = E2C5ABFE2AD5C01000F7397E;
			remoteInfo = MovieResume;
		};
/* End PBXContainerItemProxy section */

/* Begin PBXFileReference section */
		E2C5ABFF2AD5C01000F7397E /* MovieResume.app */ = {isa = PBXFileReference; explicitFileType = wrapper.application; includeInIndex = 0; path = MovieResume.app; sourceTree = BUILT_PRODUCTS_DIR; };
		E2C5AC022AD5C01000F7397E /* MovieResumeApp.swift */ = {isa = PBXFileReference; lastKnownFileType = sourcecode.swift; path = MovieResumeApp.swift; sourceTree = "<group>"; };
		E2C5AC042AD5C01000F7397E /* ContentView.swift */ = {isa = PBXFileReference; lastKnownFileType = sourcecode.swift; path = ContentView.swift; sourceTree = "<group>"; };
		E2C5AC062AD5C01600F7397E /* Assets.xcassets */ = {isa = PBXFileReference; lastKnownFileType = folder.assetcatalog; path = Assets.xcassets; sourceTree = "<group>"; };
		E2C5AC092AD5C01600F7397E /* Preview Assets.xcassets */ = {isa = PBXFileReference; lastKnownFileType = folder.assetcatalog; path = "Preview Assets.xcassets"; sourceTree = "<group>"; };
		E2C5AC0F2AD5C01700F7397E /* MovieResumeTests.xctest */ = {isa = PBXFileReference; explicitFileType = wrapper.cfbundle; includeInIndex = 0; path = MovieResumeTests.xctest; sourceTree = BUILT_PRODUCTS_DIR; };
		E2C5AC132AD5C01700F7397E /* MovieResumeTests.swift */ = {isa = PBXFileReference; lastKnownFileType = sourcecode.swift; path = MovieResumeTests.swift; sourceTree = "<group>"; };
		E2C5AC192AD5C01700F7397E /* MovieResumeUITests.xctest */ = {isa = PBXFileReference; explicitFileType = wrapper.cfbundle; includeInIndex = 0; path = MovieResumeUITests.xctest; sourceTree = BUILT_PRODUCTS_DIR; };
		E2C5AC1D2AD5C01700F7397E /* MovieResumeUITests.swift */ = {isa = PBXFileReference; lastKnownFileType = sourcecode.swift; path = MovieResumeUITests.swift; sourceTree = "<group>"; };
		E2C5AC1F2AD5C01700F7397E /* MovieResumeUITestsLaunchTests.swift */ = {isa = PBXFileReference; lastKnownFileType = sourcecode.swift; path = MovieResumeUITestsLaunchTests.swift; sourceTree = "<group>"; };
		E2C5AC352AD5C33300F7397E /* TMBDRepository.swift */ = {isa = PBXFileReference; lastKnownFileType = sourcecode.swift; path = TMBDRepository.swift; sourceTree = "<group>"; };
		E2C5AC372AD5C36400F7397E /* TMBDAPIProtocol.swift */ = {isa = PBXFileReference; lastKnownFileType = sourcecode.swift; path = TMBDAPIProtocol.swift; sourceTree = "<group>"; };
		E2C5AC392AD5C39500F7397E /* NetworkAPIService.swift */ = {isa = PBXFileReference; lastKnownFileType = sourcecode.swift; path = NetworkAPIService.swift; sourceTree = "<group>"; };
		E2C5AC3E2AD5C64400F7397E /* MovieModel.swift */ = {isa = PBXFileReference; lastKnownFileType = sourcecode.swift; path = MovieModel.swift; sourceTree = "<group>"; };
		E2C5AC432AD5DFB500F7397E /* MovieViewModel.swift */ = {isa = PBXFileReference; lastKnownFileType = sourcecode.swift; path = MovieViewModel.swift; sourceTree = "<group>"; };
		E2C5AC462AD5E05C00F7397E /* MovieUseCase.swift */ = {isa = PBXFileReference; lastKnownFileType = sourcecode.swift; path = MovieUseCase.swift; sourceTree = "<group>"; };
		E2C5AC482AD5EBC100F7397E /* PaginatedQuery.swift */ = {isa = PBXFileReference; fileEncoding = 4; lastKnownFileType = sourcecode.swift; path = PaginatedQuery.swift; sourceTree = "<group>"; };
/* End PBXFileReference section */

/* Begin PBXFrameworksBuildPhase section */
		E2C5ABFC2AD5C01000F7397E /* Frameworks */ = {
			isa = PBXFrameworksBuildPhase;
			buildActionMask = 2147483647;
			files = (
				E2C5AC422AD5C6BD00F7397E /* SDWebImageSwiftUI in Frameworks */,
				E2C5AC3D2AD5C42800F7397E /* Alamofire in Frameworks */,
			);
			runOnlyForDeploymentPostprocessing = 0;
		};
		E2C5AC0C2AD5C01700F7397E /* Frameworks */ = {
			isa = PBXFrameworksBuildPhase;
			buildActionMask = 2147483647;
			files = (
			);
			runOnlyForDeploymentPostprocessing = 0;
		};
		E2C5AC162AD5C01700F7397E /* Frameworks */ = {
			isa = PBXFrameworksBuildPhase;
			buildActionMask = 2147483647;
			files = (
			);
			runOnlyForDeploymentPostprocessing = 0;
		};
/* End PBXFrameworksBuildPhase section */

/* Begin PBXGroup section */
		E2C5ABF62AD5C01000F7397E = {
			isa = PBXGroup;
			children = (
				E2C5AC012AD5C01000F7397E /* MovieResume */,
				E2C5AC122AD5C01700F7397E /* MovieResumeTests */,
				E2C5AC1C2AD5C01700F7397E /* MovieResumeUITests */,
				E2C5AC002AD5C01000F7397E /* Products */,
			);
			sourceTree = "<group>";
		};
		E2C5AC002AD5C01000F7397E /* Products */ = {
			isa = PBXGroup;
			children = (
				E2C5ABFF2AD5C01000F7397E /* MovieResume.app */,
				E2C5AC0F2AD5C01700F7397E /* MovieResumeTests.xctest */,
				E2C5AC192AD5C01700F7397E /* MovieResumeUITests.xctest */,
			);
			name = Products;
			sourceTree = "<group>";
		};
		E2C5AC012AD5C01000F7397E /* MovieResume */ = {
			isa = PBXGroup;
			children = (
				E2C5AC022AD5C01000F7397E /* MovieResumeApp.swift */,
				E2C5AC322AD5C2E600F7397E /* Data */,
				E2C5AC2F2AD5C26A00F7397E /* Presentation */,
				E2C5AC2D2AD5C1E400F7397E /* Domain */,
				E2C5AC062AD5C01600F7397E /* Assets.xcassets */,
				E2C5AC082AD5C01600F7397E /* Preview Content */,
			);
			path = MovieResume;
			sourceTree = "<group>";
		};
		E2C5AC082AD5C01600F7397E /* Preview Content */ = {
			isa = PBXGroup;
			children = (
				E2C5AC092AD5C01600F7397E /* Preview Assets.xcassets */,
			);
			path = "Preview Content";
			sourceTree = "<group>";
		};
		E2C5AC122AD5C01700F7397E /* MovieResumeTests */ = {
			isa = PBXGroup;
			children = (
				E2C5AC132AD5C01700F7397E /* MovieResumeTests.swift */,
			);
			path = MovieResumeTests;
			sourceTree = "<group>";
		};
		E2C5AC1C2AD5C01700F7397E /* MovieResumeUITests */ = {
			isa = PBXGroup;
			children = (
				E2C5AC1D2AD5C01700F7397E /* MovieResumeUITests.swift */,
				E2C5AC1F2AD5C01700F7397E /* MovieResumeUITestsLaunchTests.swift */,
			);
			path = MovieResumeUITests;
			sourceTree = "<group>";
		};
		E2C5AC2D2AD5C1E400F7397E /* Domain */ = {
			isa = PBXGroup;
			children = (
				E2C5AC452AD5E01700F7397E /* UseCase */,
				E2C5AC2E2AD5C1F800F7397E /* Models */,
			);
			name = Domain;
			path = MovieResume/Domain;
			sourceTree = SOURCE_ROOT;
		};
		E2C5AC2E2AD5C1F800F7397E /* Models */ = {
			isa = PBXGroup;
			children = (
				E2C5AC3E2AD5C64400F7397E /* MovieModel.swift */,
			);
			path = Models;
			sourceTree = "<group>";
		};
		E2C5AC2F2AD5C26A00F7397E /* Presentation */ = {
			isa = PBXGroup;
			children = (
				E2C5AC312AD5C28400F7397E /* ViewModels */,
				E2C5AC302AD5C27A00F7397E /* Views */,
			);
			path = Presentation;
			sourceTree = "<group>";
		};
		E2C5AC302AD5C27A00F7397E /* Views */ = {
			isa = PBXGroup;
			children = (
				E2C5AC042AD5C01000F7397E /* ContentView.swift */,
			);
			path = Views;
			sourceTree = "<group>";
		};
		E2C5AC312AD5C28400F7397E /* ViewModels */ = {
			isa = PBXGroup;
			children = (
				E2C5AC432AD5DFB500F7397E /* MovieViewModel.swift */,
			);
			path = ViewModels;
			sourceTree = "<group>";
		};
		E2C5AC322AD5C2E600F7397E /* Data */ = {
			isa = PBXGroup;
			children = (
				E2C5AC482AD5EBC100F7397E /* PaginatedQuery.swift */,
				E2C5AC342AD5C2F600F7397E /* Repository */,
				E2C5AC332AD5C2EE00F7397E /* Remote */,
			);
			path = Data;
			sourceTree = "<group>";
		};
		E2C5AC332AD5C2EE00F7397E /* Remote */ = {
			isa = PBXGroup;
			children = (
				E2C5AC372AD5C36400F7397E /* TMBDAPIProtocol.swift */,
				E2C5AC392AD5C39500F7397E /* NetworkAPIService.swift */,
			);
			path = Remote;
			sourceTree = "<group>";
		};
		E2C5AC342AD5C2F600F7397E /* Repository */ = {
			isa = PBXGroup;
			children = (
				E2C5AC352AD5C33300F7397E /* TMBDRepository.swift */,
			);
			path = Repository;
			sourceTree = "<group>";
		};
		E2C5AC452AD5E01700F7397E /* UseCase */ = {
			isa = PBXGroup;
			children = (
				E2C5AC462AD5E05C00F7397E /* MovieUseCase.swift */,
			);
			path = UseCase;
			sourceTree = "<group>";
		};
/* End PBXGroup section */

/* Begin PBXNativeTarget section */
		E2C5ABFE2AD5C01000F7397E /* MovieResume */ = {
			isa = PBXNativeTarget;
			buildConfigurationList = E2C5AC232AD5C01700F7397E /* Build configuration list for PBXNativeTarget "MovieResume" */;
			buildPhases = (
				E2C5ABFB2AD5C01000F7397E /* Sources */,
				E2C5ABFC2AD5C01000F7397E /* Frameworks */,
				E2C5ABFD2AD5C01000F7397E /* Resources */,
			);
			buildRules = (
			);
			dependencies = (
			);
			name = MovieResume;
			packageProductDependencies = (
				E2C5AC3C2AD5C42700F7397E /* Alamofire */,
				E2C5AC412AD5C6BD00F7397E /* SDWebImageSwiftUI */,
			);
			productName = MovieResume;
			productReference = E2C5ABFF2AD5C01000F7397E /* MovieResume.app */;
			productType = "com.apple.product-type.application";
		};
		E2C5AC0E2AD5C01700F7397E /* MovieResumeTests */ = {
			isa = PBXNativeTarget;
			buildConfigurationList = E2C5AC262AD5C01700F7397E /* Build configuration list for PBXNativeTarget "MovieResumeTests" */;
			buildPhases = (
				E2C5AC0B2AD5C01700F7397E /* Sources */,
				E2C5AC0C2AD5C01700F7397E /* Frameworks */,
				E2C5AC0D2AD5C01700F7397E /* Resources */,
			);
			buildRules = (
			);
			dependencies = (
				E2C5AC112AD5C01700F7397E /* PBXTargetDependency */,
			);
			name = MovieResumeTests;
			productName = MovieResumeTests;
			productReference = E2C5AC0F2AD5C01700F7397E /* MovieResumeTests.xctest */;
			productType = "com.apple.product-type.bundle.unit-test";
		};
		E2C5AC182AD5C01700F7397E /* MovieResumeUITests */ = {
			isa = PBXNativeTarget;
			buildConfigurationList = E2C5AC292AD5C01700F7397E /* Build configuration list for PBXNativeTarget "MovieResumeUITests" */;
			buildPhases = (
				E2C5AC152AD5C01700F7397E /* Sources */,
				E2C5AC162AD5C01700F7397E /* Frameworks */,
				E2C5AC172AD5C01700F7397E /* Resources */,
			);
			buildRules = (
			);
			dependencies = (
				E2C5AC1B2AD5C01700F7397E /* PBXTargetDependency */,
			);
			name = MovieResumeUITests;
			productName = MovieResumeUITests;
			productReference = E2C5AC192AD5C01700F7397E /* MovieResumeUITests.xctest */;
			productType = "com.apple.product-type.bundle.ui-testing";
		};
/* End PBXNativeTarget section */

/* Begin PBXProject section */
		E2C5ABF72AD5C01000F7397E /* Project object */ = {
			isa = PBXProject;
			attributes = {
				BuildIndependentTargetsInParallel = 1;
				LastSwiftUpdateCheck = 1420;
				LastUpgradeCheck = 1420;
				TargetAttributes = {
					E2C5ABFE2AD5C01000F7397E = {
						CreatedOnToolsVersion = 14.2;
					};
					E2C5AC0E2AD5C01700F7397E = {
						CreatedOnToolsVersion = 14.2;
						TestTargetID = E2C5ABFE2AD5C01000F7397E;
					};
					E2C5AC182AD5C01700F7397E = {
						CreatedOnToolsVersion = 14.2;
						TestTargetID = E2C5ABFE2AD5C01000F7397E;
					};
				};
			};
			buildConfigurationList = E2C5ABFA2AD5C01000F7397E /* Build configuration list for PBXProject "MovieResume" */;
			compatibilityVersion = "Xcode 14.0";
			developmentRegion = en;
			hasScannedForEncodings = 0;
			knownRegions = (
				en,
				Base,
			);
			mainGroup = E2C5ABF62AD5C01000F7397E;
			packageReferences = (
				E2C5AC3B2AD5C42700F7397E /* XCRemoteSwiftPackageReference "Alamofire" */,
				E2C5AC402AD5C6BD00F7397E /* XCRemoteSwiftPackageReference "SDWebImageSwiftUI" */,
			);
			productRefGroup = E2C5AC002AD5C01000F7397E /* Products */;
			projectDirPath = "";
			projectRoot = "";
			targets = (
				E2C5ABFE2AD5C01000F7397E /* MovieResume */,
				E2C5AC0E2AD5C01700F7397E /* MovieResumeTests */,
				E2C5AC182AD5C01700F7397E /* MovieResumeUITests */,
			);
		};
/* End PBXProject section */

/* Begin PBXResourcesBuildPhase section */
		E2C5ABFD2AD5C01000F7397E /* Resources */ = {
			isa = PBXResourcesBuildPhase;
			buildActionMask = 2147483647;
			files = (
				E2C5AC0A2AD5C01600F7397E /* Preview Assets.xcassets in Resources */,
				E2C5AC072AD5C01600F7397E /* Assets.xcassets in Resources */,
			);
			runOnlyForDeploymentPostprocessing = 0;
		};
		E2C5AC0D2AD5C01700F7397E /* Resources */ = {
			isa = PBXResourcesBuildPhase;
			buildActionMask = 2147483647;
			files = (
			);
			runOnlyForDeploymentPostprocessing = 0;
		};
		E2C5AC172AD5C01700F7397E /* Resources */ = {
			isa = PBXResourcesBuildPhase;
			buildActionMask = 2147483647;
			files = (
			);
			runOnlyForDeploymentPostprocessing = 0;
		};
/* End PBXResourcesBuildPhase section */

/* Begin PBXSourcesBuildPhase section */
		E2C5ABFB2AD5C01000F7397E /* Sources */ = {
			isa = PBXSourcesBuildPhase;
			buildActionMask = 2147483647;
			files = (
				E2C5AC492AD5EBC100F7397E /* PaginatedQuery.swift in Sources */,
				E2C5AC3A2AD5C39500F7397E /* NetworkAPIService.swift in Sources */,
				E2C5AC3F2AD5C64400F7397E /* MovieModel.swift in Sources */,
				E2C5AC052AD5C01000F7397E /* ContentView.swift in Sources */,
				E2C5AC032AD5C01000F7397E /* MovieResumeApp.swift in Sources */,
				E2C5AC362AD5C33300F7397E /* TMBDRepository.swift in Sources */,
				E2C5AC442AD5DFB500F7397E /* MovieViewModel.swift in Sources */,
				E2C5AC472AD5E05C00F7397E /* MovieUseCase.swift in Sources */,
				E2C5AC382AD5C36400F7397E /* TMBDAPIProtocol.swift in Sources */,
			);
			runOnlyForDeploymentPostprocessing = 0;
		};
		E2C5AC0B2AD5C01700F7397E /* Sources */ = {
			isa = PBXSourcesBuildPhase;
			buildActionMask = 2147483647;
			files = (
				E2C5AC142AD5C01700F7397E /* MovieResumeTests.swift in Sources */,
			);
			runOnlyForDeploymentPostprocessing = 0;
		};
		E2C5AC152AD5C01700F7397E /* Sources */ = {
			isa = PBXSourcesBuildPhase;
			buildActionMask = 2147483647;
			files = (
				E2C5AC202AD5C01700F7397E /* MovieResumeUITestsLaunchTests.swift in Sources */,
				E2C5AC1E2AD5C01700F7397E /* MovieResumeUITests.swift in Sources */,
			);
			runOnlyForDeploymentPostprocessing = 0;
		};
/* End PBXSourcesBuildPhase section */

/* Begin PBXTargetDependency section */
		E2C5AC112AD5C01700F7397E /* PBXTargetDependency */ = {
			isa = PBXTargetDependency;
			target = E2C5ABFE2AD5C01000F7397E /* MovieResume */;
			targetProxy = E2C5AC102AD5C01700F7397E /* PBXContainerItemProxy */;
		};
		E2C5AC1B2AD5C01700F7397E /* PBXTargetDependency */ = {
			isa = PBXTargetDependency;
			target = E2C5ABFE2AD5C01000F7397E /* MovieResume */;
			targetProxy = E2C5AC1A2AD5C01700F7397E /* PBXContainerItemProxy */;
		};
/* End PBXTargetDependency section */

/* Begin XCBuildConfiguration section */
		E2C5AC212AD5C01700F7397E /* Debug */ = {
			isa = XCBuildConfiguration;
			buildSettings = {
				ALWAYS_SEARCH_USER_PATHS = NO;
				CLANG_ANALYZER_NONNULL = YES;
				CLANG_ANALYZER_NUMBER_OBJECT_CONVERSION = YES_AGGRESSIVE;
				CLANG_CXX_LANGUAGE_STANDARD = "gnu++20";
				CLANG_ENABLE_MODULES = YES;
				CLANG_ENABLE_OBJC_ARC = YES;
				CLANG_ENABLE_OBJC_WEAK = YES;
				CLANG_WARN_BLOCK_CAPTURE_AUTORELEASING = YES;
				CLANG_WARN_BOOL_CONVERSION = YES;
				CLANG_WARN_COMMA = YES;
				CLANG_WARN_CONSTANT_CONVERSION = YES;
				CLANG_WARN_DEPRECATED_OBJC_IMPLEMENTATIONS = YES;
				CLANG_WARN_DIRECT_OBJC_ISA_USAGE = YES_ERROR;
				CLANG_WARN_DOCUMENTATION_COMMENTS = YES;
				CLANG_WARN_EMPTY_BODY = YES;
				CLANG_WARN_ENUM_CONVERSION = YES;
				CLANG_WARN_INFINITE_RECURSION = YES;
				CLANG_WARN_INT_CONVERSION = YES;
				CLANG_WARN_NON_LITERAL_NULL_CONVERSION = YES;
				CLANG_WARN_OBJC_IMPLICIT_RETAIN_SELF = YES;
				CLANG_WARN_OBJC_LITERAL_CONVERSION = YES;
				CLANG_WARN_OBJC_ROOT_CLASS = YES_ERROR;
				CLANG_WARN_QUOTED_INCLUDE_IN_FRAMEWORK_HEADER = YES;
				CLANG_WARN_RANGE_LOOP_ANALYSIS = YES;
				CLANG_WARN_STRICT_PROTOTYPES = YES;
				CLANG_WARN_SUSPICIOUS_MOVE = YES;
				CLANG_WARN_UNGUARDED_AVAILABILITY = YES_AGGRESSIVE;
				CLANG_WARN_UNREACHABLE_CODE = YES;
				CLANG_WARN__DUPLICATE_METHOD_MATCH = YES;
				COPY_PHASE_STRIP = NO;
				DEBUG_INFORMATION_FORMAT = dwarf;
				ENABLE_STRICT_OBJC_MSGSEND = YES;
				ENABLE_TESTABILITY = YES;
				GCC_C_LANGUAGE_STANDARD = gnu11;
				GCC_DYNAMIC_NO_PIC = NO;
				GCC_NO_COMMON_BLOCKS = YES;
				GCC_OPTIMIZATION_LEVEL = 0;
				GCC_PREPROCESSOR_DEFINITIONS = (
					"DEBUG=1",
					"$(inherited)",
				);
				GCC_WARN_64_TO_32_BIT_CONVERSION = YES;
				GCC_WARN_ABOUT_RETURN_TYPE = YES_ERROR;
				GCC_WARN_UNDECLARED_SELECTOR = YES;
				GCC_WARN_UNINITIALIZED_AUTOS = YES_AGGRESSIVE;
				GCC_WARN_UNUSED_FUNCTION = YES;
				GCC_WARN_UNUSED_VARIABLE = YES;
				IPHONEOS_DEPLOYMENT_TARGET = 16.2;
				MTL_ENABLE_DEBUG_INFO = INCLUDE_SOURCE;
				MTL_FAST_MATH = YES;
				ONLY_ACTIVE_ARCH = YES;
				SDKROOT = iphoneos;
				SWIFT_ACTIVE_COMPILATION_CONDITIONS = DEBUG;
				SWIFT_OPTIMIZATION_LEVEL = "-Onone";
			};
			name = Debug;
		};
		E2C5AC222AD5C01700F7397E /* Release */ = {
			isa = XCBuildConfiguration;
			buildSettings = {
				ALWAYS_SEARCH_USER_PATHS = NO;
				CLANG_ANALYZER_NONNULL = YES;
				CLANG_ANALYZER_NUMBER_OBJECT_CONVERSION = YES_AGGRESSIVE;
				CLANG_CXX_LANGUAGE_STANDARD = "gnu++20";
				CLANG_ENABLE_MODULES = YES;
				CLANG_ENABLE_OBJC_ARC = YES;
				CLANG_ENABLE_OBJC_WEAK = YES;
				CLANG_WARN_BLOCK_CAPTURE_AUTORELEASING = YES;
				CLANG_WARN_BOOL_CONVERSION = YES;
				CLANG_WARN_COMMA = YES;
				CLANG_WARN_CONSTANT_CONVERSION = YES;
				CLANG_WARN_DEPRECATED_OBJC_IMPLEMENTATIONS = YES;
				CLANG_WARN_DIRECT_OBJC_ISA_USAGE = YES_ERROR;
				CLANG_WARN_DOCUMENTATION_COMMENTS = YES;
				CLANG_WARN_EMPTY_BODY = YES;
				CLANG_WARN_ENUM_CONVERSION = YES;
				CLANG_WARN_INFINITE_RECURSION = YES;
				CLANG_WARN_INT_CONVERSION = YES;
				CLANG_WARN_NON_LITERAL_NULL_CONVERSION = YES;
				CLANG_WARN_OBJC_IMPLICIT_RETAIN_SELF = YES;
				CLANG_WARN_OBJC_LITERAL_CONVERSION = YES;
				CLANG_WARN_OBJC_ROOT_CLASS = YES_ERROR;
				CLANG_WARN_QUOTED_INCLUDE_IN_FRAMEWORK_HEADER = YES;
				CLANG_WARN_RANGE_LOOP_ANALYSIS = YES;
				CLANG_WARN_STRICT_PROTOTYPES = YES;
				CLANG_WARN_SUSPICIOUS_MOVE = YES;
				CLANG_WARN_UNGUARDED_AVAILABILITY = YES_AGGRESSIVE;
				CLANG_WARN_UNREACHABLE_CODE = YES;
				CLANG_WARN__DUPLICATE_METHOD_MATCH = YES;
				COPY_PHASE_STRIP = NO;
				DEBUG_INFORMATION_FORMAT = "dwarf-with-dsym";
				ENABLE_NS_ASSERTIONS = NO;
				ENABLE_STRICT_OBJC_MSGSEND = YES;
				GCC_C_LANGUAGE_STANDARD = gnu11;
				GCC_NO_COMMON_BLOCKS = YES;
				GCC_WARN_64_TO_32_BIT_CONVERSION = YES;
				GCC_WARN_ABOUT_RETURN_TYPE = YES_ERROR;
				GCC_WARN_UNDECLARED_SELECTOR = YES;
				GCC_WARN_UNINITIALIZED_AUTOS = YES_AGGRESSIVE;
				GCC_WARN_UNUSED_FUNCTION = YES;
				GCC_WARN_UNUSED_VARIABLE = YES;
				IPHONEOS_DEPLOYMENT_TARGET = 16.2;
				MTL_ENABLE_DEBUG_INFO = NO;
				MTL_FAST_MATH = YES;
				SDKROOT = iphoneos;
				SWIFT_COMPILATION_MODE = wholemodule;
				SWIFT_OPTIMIZATION_LEVEL = "-O";
				VALIDATE_PRODUCT = YES;
			};
			name = Release;
		};
		E2C5AC242AD5C01700F7397E /* Debug */ = {
			isa = XCBuildConfiguration;
			buildSettings = {
				ASSETCATALOG_COMPILER_APPICON_NAME = AppIcon;
				ASSETCATALOG_COMPILER_GLOBAL_ACCENT_COLOR_NAME = AccentColor;
				CODE_SIGN_STYLE = Automatic;
				CURRENT_PROJECT_VERSION = 1;
				DEVELOPMENT_ASSET_PATHS = "\"MovieResume/Preview Content\"";
				DEVELOPMENT_TEAM = F7FW33V49A;
				ENABLE_PREVIEWS = YES;
				GENERATE_INFOPLIST_FILE = YES;
				INFOPLIST_KEY_UIApplicationSceneManifest_Generation = YES;
				INFOPLIST_KEY_UIApplicationSupportsIndirectInputEvents = YES;
				INFOPLIST_KEY_UILaunchScreen_Generation = YES;
				INFOPLIST_KEY_UISupportedInterfaceOrientations_iPad = "UIInterfaceOrientationPortrait UIInterfaceOrientationPortraitUpsideDown UIInterfaceOrientationLandscapeLeft UIInterfaceOrientationLandscapeRight";
				INFOPLIST_KEY_UISupportedInterfaceOrientations_iPhone = "UIInterfaceOrientationPortrait UIInterfaceOrientationLandscapeLeft UIInterfaceOrientationLandscapeRight";
				LD_RUNPATH_SEARCH_PATHS = (
					"$(inherited)",
					"@executable_path/Frameworks",
				);
				MARKETING_VERSION = 1.0;
				PRODUCT_BUNDLE_IDENTIFIER = con.example.MovieResume;
				PRODUCT_NAME = "$(TARGET_NAME)";
				SWIFT_EMIT_LOC_STRINGS = YES;
				SWIFT_VERSION = 5.0;
				TARGETED_DEVICE_FAMILY = "1,2";
			};
			name = Debug;
		};
		E2C5AC252AD5C01700F7397E /* Release */ = {
			isa = XCBuildConfiguration;
			buildSettings = {
				ASSETCATALOG_COMPILER_APPICON_NAME = AppIcon;
				ASSETCATALOG_COMPILER_GLOBAL_ACCENT_COLOR_NAME = AccentColor;
				CODE_SIGN_STYLE = Automatic;
				CURRENT_PROJECT_VERSION = 1;
				DEVELOPMENT_ASSET_PATHS = "\"MovieResume/Preview Content\"";
				DEVELOPMENT_TEAM = F7FW33V49A;
				ENABLE_PREVIEWS = YES;
				GENERATE_INFOPLIST_FILE = YES;
				INFOPLIST_KEY_UIApplicationSceneManifest_Generation = YES;
				INFOPLIST_KEY_UIApplicationSupportsIndirectInputEvents = YES;
				INFOPLIST_KEY_UILaunchScreen_Generation = YES;
				INFOPLIST_KEY_UISupportedInterfaceOrientations_iPad = "UIInterfaceOrientationPortrait UIInterfaceOrientationPortraitUpsideDown UIInterfaceOrientationLandscapeLeft UIInterfaceOrientationLandscapeRight";
				INFOPLIST_KEY_UISupportedInterfaceOrientations_iPhone = "UIInterfaceOrientationPortrait UIInterfaceOrientationLandscapeLeft UIInterfaceOrientationLandscapeRight";
				LD_RUNPATH_SEARCH_PATHS = (
					"$(inherited)",
					"@executable_path/Frameworks",
				);
				MARKETING_VERSION = 1.0;
				PRODUCT_BUNDLE_IDENTIFIER = con.example.MovieResume;
				PRODUCT_NAME = "$(TARGET_NAME)";
				SWIFT_EMIT_LOC_STRINGS = YES;
				SWIFT_VERSION = 5.0;
				TARGETED_DEVICE_FAMILY = "1,2";
			};
			name = Release;
		};
		E2C5AC272AD5C01700F7397E /* Debug */ = {
			isa = XCBuildConfiguration;
			buildSettings = {
				ALWAYS_EMBED_SWIFT_STANDARD_LIBRARIES = YES;
				BUNDLE_LOADER = "$(TEST_HOST)";
				CODE_SIGN_STYLE = Automatic;
				CURRENT_PROJECT_VERSION = 1;
				DEVELOPMENT_TEAM = F7FW33V49A;
				GENERATE_INFOPLIST_FILE = YES;
				IPHONEOS_DEPLOYMENT_TARGET = 16.2;
				MARKETING_VERSION = 1.0;
				PRODUCT_BUNDLE_IDENTIFIER = con.example.MovieResumeTests;
				PRODUCT_NAME = "$(TARGET_NAME)";
				SWIFT_EMIT_LOC_STRINGS = NO;
				SWIFT_VERSION = 5.0;
				TARGETED_DEVICE_FAMILY = "1,2";
				TEST_HOST = "$(BUILT_PRODUCTS_DIR)/MovieResume.app/$(BUNDLE_EXECUTABLE_FOLDER_PATH)/MovieResume";
			};
			name = Debug;
		};
		E2C5AC282AD5C01700F7397E /* Release */ = {
			isa = XCBuildConfiguration;
			buildSettings = {
				ALWAYS_EMBED_SWIFT_STANDARD_LIBRARIES = YES;
				BUNDLE_LOADER = "$(TEST_HOST)";
				CODE_SIGN_STYLE = Automatic;
				CURRENT_PROJECT_VERSION = 1;
				DEVELOPMENT_TEAM = F7FW33V49A;
				GENERATE_INFOPLIST_FILE = YES;
				IPHONEOS_DEPLOYMENT_TARGET = 16.2;
				MARKETING_VERSION = 1.0;
				PRODUCT_BUNDLE_IDENTIFIER = con.example.MovieResumeTests;
				PRODUCT_NAME = "$(TARGET_NAME)";
				SWIFT_EMIT_LOC_STRINGS = NO;
				SWIFT_VERSION = 5.0;
				TARGETED_DEVICE_FAMILY = "1,2";
				TEST_HOST = "$(BUILT_PRODUCTS_DIR)/MovieResume.app/$(BUNDLE_EXECUTABLE_FOLDER_PATH)/MovieResume";
			};
			name = Release;
		};
		E2C5AC2A2AD5C01700F7397E /* Debug */ = {
			isa = XCBuildConfiguration;
			buildSettings = {
				ALWAYS_EMBED_SWIFT_STANDARD_LIBRARIES = YES;
				CODE_SIGN_STYLE = Automatic;
				CURRENT_PROJECT_VERSION = 1;
				DEVELOPMENT_TEAM = F7FW33V49A;
				GENERATE_INFOPLIST_FILE = YES;
				MARKETING_VERSION = 1.0;
				PRODUCT_BUNDLE_IDENTIFIER = con.example.MovieResumeUITests;
				PRODUCT_NAME = "$(TARGET_NAME)";
				SWIFT_EMIT_LOC_STRINGS = NO;
				SWIFT_VERSION = 5.0;
				TARGETED_DEVICE_FAMILY = "1,2";
				TEST_TARGET_NAME = MovieResume;
			};
			name = Debug;
		};
		E2C5AC2B2AD5C01700F7397E /* Release */ = {
			isa = XCBuildConfiguration;
			buildSettings = {
				ALWAYS_EMBED_SWIFT_STANDARD_LIBRARIES = YES;
				CODE_SIGN_STYLE = Automatic;
				CURRENT_PROJECT_VERSION = 1;
				DEVELOPMENT_TEAM = F7FW33V49A;
				GENERATE_INFOPLIST_FILE = YES;
				MARKETING_VERSION = 1.0;
				PRODUCT_BUNDLE_IDENTIFIER = con.example.MovieResumeUITests;
				PRODUCT_NAME = "$(TARGET_NAME)";
				SWIFT_EMIT_LOC_STRINGS = NO;
				SWIFT_VERSION = 5.0;
				TARGETED_DEVICE_FAMILY = "1,2";
				TEST_TARGET_NAME = MovieResume;
			};
			name = Release;
		};
/* End XCBuildConfiguration section */

/* Begin XCConfigurationList section */
		E2C5ABFA2AD5C01000F7397E /* Build configuration list for PBXProject "MovieResume" */ = {
			isa = XCConfigurationList;
			buildConfigurations = (
				E2C5AC212AD5C01700F7397E /* Debug */,
				E2C5AC222AD5C01700F7397E /* Release */,
			);
			defaultConfigurationIsVisible = 0;
			defaultConfigurationName = Release;
		};
		E2C5AC232AD5C01700F7397E /* Build configuration list for PBXNativeTarget "MovieResume" */ = {
			isa = XCConfigurationList;
			buildConfigurations = (
				E2C5AC242AD5C01700F7397E /* Debug */,
				E2C5AC252AD5C01700F7397E /* Release */,
			);
			defaultConfigurationIsVisible = 0;
			defaultConfigurationName = Release;
		};
		E2C5AC262AD5C01700F7397E /* Build configuration list for PBXNativeTarget "MovieResumeTests" */ = {
			isa = XCConfigurationList;
			buildConfigurations = (
				E2C5AC272AD5C01700F7397E /* Debug */,
				E2C5AC282AD5C01700F7397E /* Release */,
			);
			defaultConfigurationIsVisible = 0;
			defaultConfigurationName = Release;
		};
		E2C5AC292AD5C01700F7397E /* Build configuration list for PBXNativeTarget "MovieResumeUITests" */ = {
			isa = XCConfigurationList;
			buildConfigurations = (
				E2C5AC2A2AD5C01700F7397E /* Debug */,
				E2C5AC2B2AD5C01700F7397E /* Release */,
			);
			defaultConfigurationIsVisible = 0;
			defaultConfigurationName = Release;
		};
/* End XCConfigurationList section */

/* Begin XCRemoteSwiftPackageReference section */
		E2C5AC3B2AD5C42700F7397E /* XCRemoteSwiftPackageReference "Alamofire" */ = {
			isa = XCRemoteSwiftPackageReference;
			repositoryURL = "https://github.com/Alamofire/Alamofire.git";
			requirement = {
				branch = master;
				kind = branch;
			};
		};
		E2C5AC402AD5C6BD00F7397E /* XCRemoteSwiftPackageReference "SDWebImageSwiftUI" */ = {
			isa = XCRemoteSwiftPackageReference;
			repositoryURL = "https://github.com/SDWebImage/SDWebImageSwiftUI";
			requirement = {
				branch = master;
				kind = branch;
			};
		};
/* End XCRemoteSwiftPackageReference section */

/* Begin XCSwiftPackageProductDependency section */
		E2C5AC3C2AD5C42700F7397E /* Alamofire */ = {
			isa = XCSwiftPackageProductDependency;
			package = E2C5AC3B2AD5C42700F7397E /* XCRemoteSwiftPackageReference "Alamofire" */;
			productName = Alamofire;
		};
		E2C5AC412AD5C6BD00F7397E /* SDWebImageSwiftUI */ = {
			isa = XCSwiftPackageProductDependency;
			package = E2C5AC402AD5C6BD00F7397E /* XCRemoteSwiftPackageReference "SDWebImageSwiftUI" */;
			productName = SDWebImageSwiftUI;
		};
/* End XCSwiftPackageProductDependency section */
	};
	rootObject = E2C5ABF72AD5C01000F7397E /* Project object */;
}
